
Microsoft Visual Studio Solution File, Format Version 12.00
# Visual Studio 2013
VisualStudioVersion = 12.0.30723.0
MinimumVisualStudioVersion = 10.0.40219.1
Project("{FAE04EC0-301F-11D3-BF4B-00C04F79EFBC}") = "BowlingKata", "BowlingKata\BowlingKata.csproj", "{5630650C-F944-4EE2-8634-1D6C8E9CC7BC}"
EndProject
Project("{FAE04EC0-301F-11D3-BF4B-00C04F79EFBC}") = "BowlingKata.Test", "BowlingKata.Test\BowlingKata.Test.csproj", "{F38721A3-EA10-4E2E-9530-88C02D5EA7AA}"
EndProject
Global
	GlobalSection(SolutionConfigurationPlatforms) = preSolution
		Debug|Any CPU = Debug|Any CPU
		Release|Any CPU = Release|Any CPU
	EndGlobalSection
	GlobalSection(ProjectConfigurationPlatforms) = postSolution
		{5630650C-F944-4EE2-8634-1D6C8E9CC7BC}.Debug|Any CPU.ActiveCfg = Debug|Any CPU
		{5630650C-F944-4EE2-8634-1D6C8E9CC7BC}.Debug|Any CPU.Build.0 = Debug|Any CPU
		{5630650C-F944-4EE2-8634-1D6C8E9CC7BC}.Release|Any CPU.ActiveCfg = Release|Any CPU
		{5630650C-F944-4EE2-8634-1D6C8E9CC7BC}.Release|Any CPU.Build.0 = Release|Any CPU
		{F38721A3-EA10-4E2E-9530-88C02D5EA7AA}.Debug|Any CPU.ActiveCfg = Debug|Any CPU
		{F38721A3-EA10-4E2E-9530-88C02D5EA7AA}.Debug|Any CPU.Build.0 = Debug|Any CPU
		{F38721A3-EA10-4E2E-9530-88C02D5EA7AA}.Release|Any CPU.ActiveCfg = Release|Any CPU
		{F38721A3-EA10-4E2E-9530-88C02D5EA7AA}.Release|Any CPU.Build.0 = Release|Any CPU
	EndGlobalSection
	GlobalSection(SolutionProperties) = preSolution
		HideSolutionNode = FALSE
	EndGlobalSection
EndGlobal
